
Microsoft Visual Studio Solution File, Format Version 12.00
# Visual Studio Version 17
VisualStudioVersion = 17.1.32421.90
MinimumVisualStudioVersion = 10.0.40219.1
Project("{FAE04EC0-301F-11D3-BF4B-00C04F79EFBC}") = "Finite_Difference_GroundWater_Flow", "Finite_Difference_GroundWater_Flow.csproj", "{987ECB23-4646-4CF5-BFA1-F19F30E25631}"
EndProject
Global
	GlobalSection(SolutionConfigurationPlatforms) = preSolution
		Debug|Any CPU = Debug|Any CPU
		Release|Any CPU = Release|Any CPU
	EndGlobalSection
	GlobalSection(ProjectConfigurationPlatforms) = postSolution
		{987ECB23-4646-4CF5-BFA1-F19F30E25631}.Debug|Any CPU.ActiveCfg = Debug|Any CPU
		{987ECB23-4646-4CF5-BFA1-F19F30E25631}.Debug|Any CPU.Build.0 = Debug|Any CPU
		{987ECB23-4646-4CF5-BFA1-F19F30E25631}.Release|Any CPU.ActiveCfg = Release|Any CPU
		{987ECB23-4646-4CF5-BFA1-F19F30E25631}.Release|Any CPU.Build.0 = Release|Any CPU
	EndGlobalSection
	GlobalSection(SolutionProperties) = preSolution
		HideSolutionNode = FALSE
	EndGlobalSection
	GlobalSection(ExtensibilityGlobals) = postSolution
		SolutionGuid = {5F3FDD3F-AF58-40D7-B503-2173F900BC2F}
	EndGlobalSection
EndGlobal
